
Microsoft Visual Studio Solution File, Format Version 12.00
# Visual Studio Version 17
VisualStudioVersion = 17.9.34607.119
MinimumVisualStudioVersion = 10.0.40219.1
Project("{FAE04EC0-301F-11D3-BF4B-00C04F79EFBC}") = "AddressBook_Kyle", "AddressBook_Kyle\AddressBook_Kyle.csproj", "{C58420E1-CF0A-4A04-9FAE-69AA82ACC058}"
EndProject
Global
	GlobalSection(SolutionConfigurationPlatforms) = preSolution
		Debug|Any CPU = Debug|Any CPU
		Release|Any CPU = Release|Any CPU
	EndGlobalSection
	GlobalSection(ProjectConfigurationPlatforms) = postSolution
		{C58420E1-CF0A-4A04-9FAE-69AA82ACC058}.Debug|Any CPU.ActiveCfg = Debug|Any CPU
		{C58420E1-CF0A-4A04-9FAE-69AA82ACC058}.Debug|Any CPU.Build.0 = Debug|Any CPU
		{C58420E1-CF0A-4A04-9FAE-69AA82ACC058}.Release|Any CPU.ActiveCfg = Release|Any CPU
		{C58420E1-CF0A-4A04-9FAE-69AA82ACC058}.Release|Any CPU.Build.0 = Release|Any CPU
	EndGlobalSection
	GlobalSection(SolutionProperties) = preSolution
		HideSolutionNode = FALSE
	EndGlobalSection
	GlobalSection(ExtensibilityGlobals) = postSolution
		SolutionGuid = {C796EA24-1F8A-40F2-B256-102A3CF56A5E}
	EndGlobalSection
EndGlobal
